
Microsoft Visual Studio Solution File, Format Version 12.00
# Visual Studio Version 17
VisualStudioVersion = 17.10.35027.167
MinimumVisualStudioVersion = 10.0.40219.1
Project("{9A19103F-16F7-4668-BE54-9A1E7A4F7556}") = "Oblivia", "Oblivia\Oblivia.csproj", "{56E0B388-1F12-46CF-87CA-3B1420E20620}"
EndProject
Project("{9A19103F-16F7-4668-BE54-9A1E7A4F7556}") = "Life", "Life\Life.csproj", "{E3ED1C8D-2E23-4137-9975-88364B82CF83}"
EndProject
Project("{9A19103F-16F7-4668-BE54-9A1E7A4F7556}") = "Roguelike", "Roguelike\Roguelike.csproj", "{FBBED64C-AA69-4D8F-837E-1CAF606794E0}"
EndProject
Project("{9A19103F-16F7-4668-BE54-9A1E7A4F7556}") = "Oblivion", "Oblivion\Oblivion.csproj", "{F59A665F-B8B7-4798-9371-5FF9D9A1582D}"
EndProject
Project("{9A19103F-16F7-4668-BE54-9A1E7A4F7556}") = "ECS", "ECS\ECS.csproj", "{E579ED02-D866-42E9-8FE2-BE9F41457989}"
EndProject
Project("{9A19103F-16F7-4668-BE54-9A1E7A4F7556}") = "ObliviaTalk", "ObliviaTalk\ObliviaTalk.csproj", "{87CA11BC-1B79-4DA1-9276-8D3F9C90DFD7}"
EndProject
Global
	GlobalSection(SolutionConfigurationPlatforms) = preSolution
		Debug|Any CPU = Debug|Any CPU
		Release|Any CPU = Release|Any CPU
	EndGlobalSection
	GlobalSection(ProjectConfigurationPlatforms) = postSolution
		{56E0B388-1F12-46CF-87CA-3B1420E20620}.Debug|Any CPU.ActiveCfg = Debug|Any CPU
		{56E0B388-1F12-46CF-87CA-3B1420E20620}.Debug|Any CPU.Build.0 = Debug|Any CPU
		{56E0B388-1F12-46CF-87CA-3B1420E20620}.Release|Any CPU.ActiveCfg = Release|Any CPU
		{56E0B388-1F12-46CF-87CA-3B1420E20620}.Release|Any CPU.Build.0 = Release|Any CPU
		{E3ED1C8D-2E23-4137-9975-88364B82CF83}.Debug|Any CPU.ActiveCfg = Debug|Any CPU
		{E3ED1C8D-2E23-4137-9975-88364B82CF83}.Debug|Any CPU.Build.0 = Debug|Any CPU
		{E3ED1C8D-2E23-4137-9975-88364B82CF83}.Release|Any CPU.ActiveCfg = Release|Any CPU
		{E3ED1C8D-2E23-4137-9975-88364B82CF83}.Release|Any CPU.Build.0 = Release|Any CPU
		{FBBED64C-AA69-4D8F-837E-1CAF606794E0}.Debug|Any CPU.ActiveCfg = Debug|Any CPU
		{FBBED64C-AA69-4D8F-837E-1CAF606794E0}.Debug|Any CPU.Build.0 = Debug|Any CPU
		{FBBED64C-AA69-4D8F-837E-1CAF606794E0}.Release|Any CPU.ActiveCfg = Release|Any CPU
		{FBBED64C-AA69-4D8F-837E-1CAF606794E0}.Release|Any CPU.Build.0 = Release|Any CPU
		{F59A665F-B8B7-4798-9371-5FF9D9A1582D}.Debug|Any CPU.ActiveCfg = Debug|Any CPU
		{F59A665F-B8B7-4798-9371-5FF9D9A1582D}.Debug|Any CPU.Build.0 = Debug|Any CPU
		{F59A665F-B8B7-4798-9371-5FF9D9A1582D}.Release|Any CPU.ActiveCfg = Release|Any CPU
		{F59A665F-B8B7-4798-9371-5FF9D9A1582D}.Release|Any CPU.Build.0 = Release|Any CPU
		{E579ED02-D866-42E9-8FE2-BE9F41457989}.Debug|Any CPU.ActiveCfg = Debug|Any CPU
		{E579ED02-D866-42E9-8FE2-BE9F41457989}.Debug|Any CPU.Build.0 = Debug|Any CPU
		{E579ED02-D866-42E9-8FE2-BE9F41457989}.Release|Any CPU.ActiveCfg = Release|Any CPU
		{E579ED02-D866-42E9-8FE2-BE9F41457989}.Release|Any CPU.Build.0 = Release|Any CPU
		{87CA11BC-1B79-4DA1-9276-8D3F9C90DFD7}.Debug|Any CPU.ActiveCfg = Debug|Any CPU
		{87CA11BC-1B79-4DA1-9276-8D3F9C90DFD7}.Debug|Any CPU.Build.0 = Debug|Any CPU
		{87CA11BC-1B79-4DA1-9276-8D3F9C90DFD7}.Release|Any CPU.ActiveCfg = Release|Any CPU
		{87CA11BC-1B79-4DA1-9276-8D3F9C90DFD7}.Release|Any CPU.Build.0 = Release|Any CPU
	EndGlobalSection
	GlobalSection(SolutionProperties) = preSolution
		HideSolutionNode = FALSE
	EndGlobalSection
	GlobalSection(ExtensibilityGlobals) = postSolution
		SolutionGuid = {F16DFDBA-FD1F-4D22-B0ED-A6A05D708DCA}
	EndGlobalSection
EndGlobal
